// !$*UTF8*$!
{
	archiveVersion = 1;
	classes = {
	};
	objectVersion = 46;
	objects = {

/* Begin PBXBuildFile section */
		AF1FAFFD1C4DC14C0000A7CA /* main.m in Sources */ = {isa = PBXBuildFile; fileRef = AF1FAFFC1C4DC14C0000A7CA /* main.m */; };
		AF1FB0001C4DC14C0000A7CA /* AppDelegate.m in Sources */ = {isa = PBXBuildFile; fileRef = AF1FAFFF1C4DC14C0000A7CA /* AppDelegate.m */; };
		AF1FB0031C4DC14C0000A7CA /* ViewController.m in Sources */ = {isa = PBXBuildFile; fileRef = AF1FB0021C4DC14C0000A7CA /* ViewController.m */; };
		AF1FB0061C4DC14C0000A7CA /* Main.storyboard in Resources */ = {isa = PBXBuildFile; fileRef = AF1FB0041C4DC14C0000A7CA /* Main.storyboard */; };
		AF1FB0081C4DC14C0000A7CA /* Images.xcassets in Resources */ = {isa = PBXBuildFile; fileRef = AF1FB0071C4DC14C0000A7CA /* Images.xcassets */; };
		AF1FB00B1C4DC14C0000A7CA /* LaunchScreen.xib in Resources */ = {isa = PBXBuildFile; fileRef = AF1FB0091C4DC14C0000A7CA /* LaunchScreen.xib */; };
		AF1FB0171C4DC14C0000A7CA /* _23Tests.m in Sources */ = {isa = PBXBuildFile; fileRef = AF1FB0161C4DC14C0000A7CA /* _23Tests.m */; };
/* End PBXBuildFile section */

/* Begin PBXContainerItemProxy section */
		AF1FB0111C4DC14C0000A7CA /* PBXContainerItemProxy */ = {
			isa = PBXContainerItemProxy;
			containerPortal = AF1FAFEF1C4DC14C0000A7CA /* Project object */;
			proxyType = 1;
			remoteGlobalIDString = AF1FAFF61C4DC14C0000A7CA;
			remoteInfo = 123;
		};
/* End PBXContainerItemProxy section */

/* Begin PBXFileReference section */
		AF1FAFF71C4DC14C0000A7CA /* 123.app */ = {isa = PBXFileReference; explicitFileType = wrapper.application; includeInIndex = 0; path = 123.app; sourceTree = BUILT_PRODUCTS_DIR; };
		AF1FAFFB1C4DC14C0000A7CA /* Info.plist */ = {isa = PBXFileReference; lastKnownFileType = text.plist.xml; path = Info.plist; sourceTree = "<group>"; };
		AF1FAFFC1C4DC14C0000A7CA /* main.m */ = {isa = PBXFileReference; lastKnownFileType = sourcecode.c.objc; path = main.m; sourceTree = "<group>"; };
		AF1FAFFE1C4DC14C0000A7CA /* AppDelegate.h */ = {isa = PBXFileReference; lastKnownFileType = sourcecode.c.h; path = AppDelegate.h; sourceTree = "<group>"; };
		AF1FAFFF1C4DC14C0000A7CA /* AppDelegate.m */ = {isa = PBXFileReference; lastKnownFileType = sourcecode.c.objc; path = AppDelegate.m; sourceTree = "<group>"; };
		AF1FB0011C4DC14C0000A7CA /* ViewController.h */ = {isa = PBXFileReference; lastKnownFileType = sourcecode.c.h; path = ViewController.h; sourceTree = "<group>"; };
		AF1FB0021C4DC14C0000A7CA /* ViewController.m */ = {isa = PBXFileReference; lastKnownFileType = sourcecode.c.objc; path = ViewController.m; sourceTree = "<group>"; };
		AF1FB0051C4DC14C0000A7CA /* Base */ = {isa = PBXFileReference; lastKnownFileType = file.storyboard; name = Base; path = Base.lproj/Main.storyboard; sourceTree = "<group>"; };
		AF1FB0071C4DC14C0000A7CA /* Images.xcassets */ = {isa = PBXFileReference; lastKnownFileType = folder.assetcatalog; path = Images.xcassets; sourceTree = "<group>"; };
		AF1FB00A1C4DC14C0000A7CA /* Base */ = {isa = PBXFileReference; lastKnownFileType = file.xib; name = Base; path = Base.lproj/LaunchScreen.xib; sourceTree = "<group>"; };
		AF1FB0101C4DC14C0000A7CA /* 123Tests.xctest */ = {isa = PBXFileReference; explicitFileType = wrapper.cfbundle; includeInIndex = 0; path = 123Tests.xctest; sourceTree = BUILT_PRODUCTS_DIR; };
		AF1FB0151C4DC14C0000A7CA /* Info.plist */ = {isa = PBXFileReference; lastKnownFileType = text.plist.xml; path = Info.plist; sourceTree = "<group>"; };
		AF1FB0161C4DC14C0000A7CA /* _23Tests.m */ = {isa = PBXFileReference; lastKnownFileType = sourcecode.c.objc; path = _23Tests.m; sourceTree = "<group>"; };
/* End PBXFileReference section */

/* Begin PBXFrameworksBuildPhase section */
		AF1FAFF41C4DC14C0000A7CA /* Frameworks */ = {
			isa = PBXFrameworksBuildPhase;
			buildActionMask = 2147483647;
			files = (
			);
			runOnlyForDeploymentPostprocessing = 0;
		};
		AF1FB00D1C4DC14C0000A7CA /* Frameworks */ = {
			isa = PBXFrameworksBuildPhase;
			buildActionMask = 2147483647;
			files = (
			);
			runOnlyForDeploymentPostprocessing = 0;
		};
/* End PBXFrameworksBuildPhase section */

/* Begin PBXGroup section */
		AF1FAFEE1C4DC14C0000A7CA = {
			isa = PBXGroup;
			children = (
				AF1FAFF91C4DC14C0000A7CA /* 123 */,
				AF1FB0131C4DC14C0000A7CA /* 123Tests */,
				AF1FAFF81C4DC14C0000A7CA /* Products */,
			);
			sourceTree = "<group>";
		};
		AF1FAFF81C4DC14C0000A7CA /* Products */ = {
			isa = PBXGroup;
			children = (
				AF1FAFF71C4DC14C0000A7CA /* 123.app */,
				AF1FB0101C4DC14C0000A7CA /* 123Tests.xctest */,
			);
			name = Products;
			sourceTree = "<group>";
		};
		AF1FAFF91C4DC14C0000A7CA /* 123 */ = {
			isa = PBXGroup;
			children = (
				AF1FAFFE1C4DC14C0000A7CA /* AppDelegate.h */,
				AF1FAFFF1C4DC14C0000A7CA /* AppDelegate.m */,
				AF1FB0011C4DC14C0000A7CA /* ViewController.h */,
				AF1FB0021C4DC14C0000A7CA /* ViewController.m */,
				AF1FB0041C4DC14C0000A7CA /* Main.storyboard */,
				AF1FB0071C4DC14C0000A7CA /* Images.xcassets */,
				AF1FB0091C4DC14C0000A7CA /* LaunchScreen.xib */,
				AF1FAFFA1C4DC14C0000A7CA /* Supporting Files */,
			);
			path = 123;
			sourceTree = "<group>";
		};
		AF1FAFFA1C4DC14C0000A7CA /* Supporting Files */ = {
			isa = PBXGroup;
			children = (
				AF1FAFFB1C4DC14C0000A7CA /* Info.plist */,
				AF1FAFFC1C4DC14C0000A7CA /* main.m */,
			);
			name = "Supporting Files";
			sourceTree = "<group>";
		};
		AF1FB0131C4DC14C0000A7CA /* 123Tests */ = {
			isa = PBXGroup;
			children = (
				AF1FB0161C4DC14C0000A7CA /* _23Tests.m */,
				AF1FB0141C4DC14C0000A7CA /* Supporting Files */,
			);
			path = 123Tests;
			sourceTree = "<group>";
		};
		AF1FB0141C4DC14C0000A7CA /* Supporting Files */ = {
			isa = PBXGroup;
			children = (
				AF1FB0151C4DC14C0000A7CA /* Info.plist */,
			);
			name = "Supporting Files";
			sourceTree = "<group>";
		};
/* End PBXGroup section */

/* Begin PBXNativeTarget section */
		AF1FAFF61C4DC14C0000A7CA /* 123 */ = {
			isa = PBXNativeTarget;
			buildConfigurationList = AF1FB01A1C4DC14C0000A7CA /* Build configuration list for PBXNativeTarget "123" */;
			buildPhases = (
				AF1FAFF31C4DC14C0000A7CA /* Sources */,
				AF1FAFF41C4DC14C0000A7CA /* Frameworks */,
				AF1FAFF51C4DC14C0000A7CA /* Resources */,
			);
			buildRules = (
			);
			dependencies = (
			);
			name = 123;
			productName = 123;
			productReference = AF1FAFF71C4DC14C0000A7CA /* 123.app */;
			productType = "com.apple.product-type.application";
		};
		AF1FB00F1C4DC14C0000A7CA /* 123Tests */ = {
			isa = PBXNativeTarget;
			buildConfigurationList = AF1FB01D1C4DC14C0000A7CA /* Build configuration list for PBXNativeTarget "123Tests" */;
			buildPhases = (
				AF1FB00C1C4DC14C0000A7CA /* Sources */,
				AF1FB00D1C4DC14C0000A7CA /* Frameworks */,
				AF1FB00E1C4DC14C0000A7CA /* Resources */,
			);
			buildRules = (
			);
			dependencies = (
				AF1FB0121C4DC14C0000A7CA /* PBXTargetDependency */,
			);
			name = 123Tests;
			productName = 123Tests;
			productReference = AF1FB0101C4DC14C0000A7CA /* 123Tests.xctest */;
			productType = "com.apple.product-type.bundle.unit-test";
		};
/* End PBXNativeTarget section */

/* Begin PBXProject section */
		AF1FAFEF1C4DC14C0000A7CA /* Project object */ = {
			isa = PBXProject;
			attributes = {
				LastUpgradeCheck = 0640;
				ORGANIZATIONNAME = com.upload;
				TargetAttributes = {
					AF1FAFF61C4DC14C0000A7CA = {
						CreatedOnToolsVersion = 6.4;
					};
					AF1FB00F1C4DC14C0000A7CA = {
						CreatedOnToolsVersion = 6.4;
						TestTargetID = AF1FAFF61C4DC14C0000A7CA;
					};
				};
			};
			buildConfigurationList = AF1FAFF21C4DC14C0000A7CA /* Build configuration list for PBXProject "123" */;
			compatibilityVersion = "Xcode 3.2";
			developmentRegion = English;
			hasScannedForEncodings = 0;
			knownRegions = (
				en,
				Base,
			);
			mainGroup = AF1FAFEE1C4DC14C0000A7CA;
			productRefGroup = AF1FAFF81C4DC14C0000A7CA /* Products */;
			projectDirPath = "";
			projectRoot = "";
			targets = (
				AF1FAFF61C4DC14C0000A7CA /* 123 */,
				AF1FB00F1C4DC14C0000A7CA /* 123Tests */,
			);
		};
/* End PBXProject section */

/* Begin PBXResourcesBuildPhase section */
		AF1FAFF51C4DC14C0000A7CA /* Resources */ = {
			isa = PBXResourcesBuildPhase;
			buildActionMask = 2147483647;
			files = (
				AF1FB0061C4DC14C0000A7CA /* Main.storyboard in Resources */,
				AF1FB00B1C4DC14C0000A7CA /* LaunchScreen.xib in Resources */,
				AF1FB0081C4DC14C0000A7CA /* Images.xcassets in Resources */,
			);
			runOnlyForDeploymentPostprocessing = 0;
		};
		AF1FB00E1C4DC14C0000A7CA /* Resources */ = {
			isa = PBXResourcesBuildPhase;
			buildActionMask = 2147483647;
			files = (
			);
			runOnlyForDeploymentPostprocessing = 0;
		};
/* End PBXResourcesBuildPhase section */

/* Begin PBXSourcesBuildPhase section */
		AF1FAFF31C4DC14C0000A7CA /* Sources */ = {
			isa = PBXSourcesBuildPhase;
			buildActionMask = 2147483647;
			files = (
				AF1FB0031C4DC14C0000A7CA /* ViewController.m in Sources */,
				AF1FB0001C4DC14C0000A7CA /* AppDelegate.m in Sources */,
				AF1FAFFD1C4DC14C0000A7CA /* main.m in Sources */,
			);
			runOnlyForDeploymentPostprocessing = 0;
		};
		AF1FB00C1C4DC14C0000A7CA /* Sources */ = {
			isa = PBXSourcesBuildPhase;
			buildActionMask = 2147483647;
			files = (
				AF1FB0171C4DC14C0000A7CA /* _23Tests.m in Sources */,
			);
			runOnlyForDeploymentPostprocessing = 0;
		};
/* End PBXSourcesBuildPhase section */

/* Begin PBXTargetDependency section */
		AF1FB0121C4DC14C0000A7CA /* PBXTargetDependency */ = {
			isa = PBXTargetDependency;
			target = AF1FAFF61C4DC14C0000A7CA /* 123 */;
			targetProxy = AF1FB0111C4DC14C0000A7CA /* PBXContainerItemProxy */;
		};
/* End PBXTargetDependency section */

/* Begin PBXVariantGroup section */
		AF1FB0041C4DC14C0000A7CA /* Main.storyboard */ = {
			isa = PBXVariantGroup;
			children = (
				AF1FB0051C4DC14C0000A7CA /* Base */,
			);
			name = Main.storyboard;
			sourceTree = "<group>";
		};
		AF1FB0091C4DC14C0000A7CA /* LaunchScreen.xib */ = {
			isa = PBXVariantGroup;
			children = (
				AF1FB00A1C4DC14C0000A7CA /* Base */,
			);
			name = LaunchScreen.xib;
			sourceTree = "<group>";
		};
/* End PBXVariantGroup section */

/* Begin XCBuildConfiguration section */
		AF1FB0181C4DC14C0000A7CA /* Debug */ = {
			isa = XCBuildConfiguration;
			buildSettings = {
				ALWAYS_SEARCH_USER_PATHS = NO;
				CLANG_CXX_LANGUAGE_STANDARD = "gnu++0x";
				CLANG_CXX_LIBRARY = "libc++";
				CLANG_ENABLE_MODULES = YES;
				CLANG_ENABLE_OBJC_ARC = YES;
				CLANG_WARN_BOOL_CONVERSION = YES;
				CLANG_WARN_CONSTANT_CONVERSION = YES;
				CLANG_WARN_DIRECT_OBJC_ISA_USAGE = YES_ERROR;
				CLANG_WARN_EMPTY_BODY = YES;
				CLANG_WARN_ENUM_CONVERSION = YES;
				CLANG_WARN_INT_CONVERSION = YES;
				CLANG_WARN_OBJC_ROOT_CLASS = YES_ERROR;
				CLANG_WARN_UNREACHABLE_CODE = YES;
				CLANG_WARN__DUPLICATE_METHOD_MATCH = YES;
				"CODE_SIGN_IDENTITY[sdk=iphoneos*]" = "iPhone Developer";
				COPY_PHASE_STRIP = NO;
				DEBUG_INFORMATION_FORMAT = "dwarf-with-dsym";
				ENABLE_STRICT_OBJC_MSGSEND = YES;
				GCC_C_LANGUAGE_STANDARD = gnu99;
				GCC_DYNAMIC_NO_PIC = NO;
				GCC_NO_COMMON_BLOCKS = YES;
				GCC_OPTIMIZATION_LEVEL = 0;
				GCC_PREPROCESSOR_DEFINITIONS = (
					"DEBUG=1",
					"$(inherited)",
				);
				GCC_SYMBOLS_PRIVATE_EXTERN = NO;
				GCC_WARN_64_TO_32_BIT_CONVERSION = YES;
				GCC_WARN_ABOUT_RETURN_TYPE = YES_ERROR;
				GCC_WARN_UNDECLARED_SELECTOR = YES;
				GCC_WARN_UNINITIALIZED_AUTOS = YES_AGGRESSIVE;
				GCC_WARN_UNUSED_FUNCTION = YES;
				GCC_WARN_UNUSED_VARIABLE = YES;
				IPHONEOS_DEPLOYMENT_TARGET = 8.4;
				MTL_ENABLE_DEBUG_INFO = YES;
				ONLY_ACTIVE_ARCH = YES;
				SDKROOT = iphoneos;
				TARGETED_DEVICE_FAMILY = "1,2";
			};
			name = Debug;
		};
		AF1FB0191C4DC14C0000A7CA /* Release */ = {
			isa = XCBuildConfiguration;
			buildSettings = {
				ALWAYS_SEARCH_USER_PATHS = NO;
				CLANG_CXX_LANGUAGE_STANDARD = "gnu++0x";
				CLANG_CXX_LIBRARY = "libc++";
				CLANG_ENABLE_MODULES = YES;
				CLANG_ENABLE_OBJC_ARC = YES;
				CLANG_WARN_BOOL_CONVERSION = YES;
				CLANG_WARN_CONSTANT_CONVERSION = YES;
				CLANG_WARN_DIRECT_OBJC_ISA_USAGE = YES_ERROR;
				CLANG_WARN_EMPTY_BODY = YES;
				CLANG_WARN_ENUM_CONVERSION = YES;
				CLANG_WARN_INT_CONVERSION = YES;
				CLANG_WARN_OBJC_ROOT_CLASS = YES_ERROR;
				CLANG_WARN_UNREACHABLE_CODE = YES;
				CLANG_WARN__DUPLICATE_METHOD_MATCH = YES;
				"CODE_SIGN_IDENTITY[sdk=iphoneos*]" = "iPhone Developer";
				COPY_PHASE_STRIP = NO;
				DEBUG_INFORMATION_FORMAT = "dwarf-with-dsym";
				ENABLE_NS_ASSERTIONS = NO;
				ENABLE_STRICT_OBJC_MSGSEND = YES;
				GCC_C_LANGUAGE_STANDARD = gnu99;
				GCC_NO_COMMON_BLOCKS = YES;
				GCC_WARN_64_TO_32_BIT_CONVERSION = YES;
				GCC_WARN_ABOUT_RETURN_TYPE = YES_ERROR;
				GCC_WARN_UNDECLARED_SELECTOR = YES;
				GCC_WARN_UNINITIALIZED_AUTOS = YES_AGGRESSIVE;
				GCC_WARN_UNUSED_FUNCTION = YES;
				GCC_WARN_UNUSED_VARIABLE = YES;
				IPHONEOS_DEPLOYMENT_TARGET = 8.4;
				MTL_ENABLE_DEBUG_INFO = NO;
				SDKROOT = iphoneos;
				TARGETED_DEVICE_FAMILY = "1,2";
				VALIDATE_PRODUCT = YES;
			};
			name = Release;
		};
		AF1FB01B1C4DC14C0000A7CA /* Debug */ = {
			isa = XCBuildConfiguration;
			buildSettings = {
				ASSETCATALOG_COMPILER_APPICON_NAME = AppIcon;
				INFOPLIST_FILE = 123/Info.plist;
				LD_RUNPATH_SEARCH_PATHS = "$(inherited) @executable_path/Frameworks";
				PRODUCT_NAME = "$(TARGET_NAME)";
			};
			name = Debug;
		};
		AF1FB01C1C4DC14C0000A7CA /* Release */ = {
			isa = XCBuildConfiguration;
			buildSettings = {
				ASSETCATALOG_COMPILER_APPICON_NAME = AppIcon;
				INFOPLIST_FILE = 123/Info.plist;
				LD_RUNPATH_SEARCH_PATHS = "$(inherited) @executable_path/Frameworks";
				PRODUCT_NAME = "$(TARGET_NAME)";
			};
			name = Release;
		};
		AF1FB01E1C4DC14C0000A7CA /* Debug */ = {
			isa = XCBuildConfiguration;
			buildSettings = {
				BUNDLE_LOADER = "$(TEST_HOST)";
				FRAMEWORK_SEARCH_PATHS = (
					"$(SDKROOT)/Developer/Library/Frameworks",
					"$(inherited)",
				);
				GCC_PREPROCESSOR_DEFINITIONS = (
					"DEBUG=1",
					"$(inherited)",
				);
				INFOPLIST_FILE = 123Tests/Info.plist;
				LD_RUNPATH_SEARCH_PATHS = "$(inherited) @executable_path/Frameworks @loader_path/Frameworks";
				PRODUCT_NAME = "$(TARGET_NAME)";
				TEST_HOST = "$(BUILT_PRODUCTS_DIR)/123.app/123";
			};
			name = Debug;
		};
		AF1FB01F1C4DC14C0000A7CA /* Release */ = {
			isa = XCBuildConfiguration;
			buildSettings = {
				BUNDLE_LOADER = "$(TEST_HOST)";
				FRAMEWORK_SEARCH_PATHS = (
					"$(SDKROOT)/Developer/Library/Frameworks",
					"$(inherited)",
				);
				INFOPLIST_FILE = 123Tests/Info.plist;
				LD_RUNPATH_SEARCH_PATHS = "$(inherited) @executable_path/Frameworks @loader_path/Frameworks";
				PRODUCT_NAME = "$(TARGET_NAME)";
				TEST_HOST = "$(BUILT_PRODUCTS_DIR)/123.app/123";
			};
			name = Release;
		};
/* End XCBuildConfiguration section */

/* Begin XCConfigurationList section */
		AF1FAFF21C4DC14C0000A7CA /* Build configuration list for PBXProject "123" */ = {
			isa = XCConfigurationList;
			buildConfigurations = (
				AF1FB0181C4DC14C0000A7CA /* Debug */,
				AF1FB0191C4DC14C0000A7CA /* Release */,
			);
			defaultConfigurationIsVisible = 0;
			defaultConfigurationName = Release;
		};
		AF1FB01A1C4DC14C0000A7CA /* Build configuration list for PBXNativeTarget "123" */ = {
			isa = XCConfigurationList;
			buildConfigurations = (
				AF1FB01B1C4DC14C0000A7CA /* Debug */,
				AF1FB01C1C4DC14C0000A7CA /* Release */,
			);
			defaultConfigurationIsVisible = 0;
		};
		AF1FB01D1C4DC14C0000A7CA /* Build configuration list for PBXNativeTarget "123Tests" */ = {
			isa = XCConfigurationList;
			buildConfigurations = (
				AF1FB01E1C4DC14C0000A7CA /* Debug */,
				AF1FB01F1C4DC14C0000A7CA /* Release */,
			);
			defaultConfigurationIsVisible = 0;
		};
/* End XCConfigurationList section */
	};
	rootObject = AF1FAFEF1C4DC14C0000A7CA /* Project object */;
}
